// !$*UTF8*$!
{
	archiveVersion = 1;
	classes = {
	};
	objectVersion = 50;
	objects = {

/* Begin PBXBuildFile section */
		D65ED7EE254FD4CE009D0024 /* OctreePalette.swift in Sources */ = {isa = PBXBuildFile; fileRef = D65ED7ED254FD4CE009D0024 /* OctreePalette.swift */; };
		D65ED7FA254FD52E009D0024 /* PixelExtractor.swift in Sources */ = {isa = PBXBuildFile; fileRef = D65ED7F9254FD52E009D0024 /* PixelExtractor.swift */; };
		D65ED7FD254FD566009D0024 /* OctreeNode.swift in Sources */ = {isa = PBXBuildFile; fileRef = D65ED7FC254FD566009D0024 /* OctreeNode.swift */; };
		D6D00D5B255532B000534636 /* ColorTheme.swift in Sources */ = {isa = PBXBuildFile; fileRef = D6D00D5A255532B000534636 /* ColorTheme.swift */; };
		D6E3793D2563E5C8003E739D /* OctreeColor.swift in Sources */ = {isa = PBXBuildFile; fileRef = D6E3793C2563E5C7003E739D /* OctreeColor.swift */; };
		D6E3794E2564D08F003E739D /* UIImage+OctreePalette.swift in Sources */ = {isa = PBXBuildFile; fileRef = D6E3794D2564D08F003E739D /* UIImage+OctreePalette.swift */; };
/* End PBXBuildFile section */

/* Begin PBXContainerItemProxy section */
		D6E3791A256275D1003E739D /* PBXContainerItemProxy */ = {
			isa = PBXContainerItemProxy;
			containerPortal = D6E37916256275D1003E739D /* OctreePaletteExample.xcodeproj */;
			proxyType = 2;
			remoteGlobalIDString = D6E378FF256275D0003E739D;
			remoteInfo = OctreePaletteExample;
		};
/* End PBXContainerItemProxy section */

/* Begin PBXCopyFilesBuildPhase section */
		D65ED7E8254FD4CE009D0024 /* CopyFiles */ = {
			isa = PBXCopyFilesBuildPhase;
			buildActionMask = 2147483647;
			dstPath = "include/$(PRODUCT_NAME)";
			dstSubfolderSpec = 16;
			files = (
			);
			runOnlyForDeploymentPostprocessing = 0;
		};
/* End PBXCopyFilesBuildPhase section */

/* Begin PBXFileReference section */
		D65ED7EA254FD4CE009D0024 /* libOctreePalette.a */ = {isa = PBXFileReference; explicitFileType = archive.ar; includeInIndex = 0; path = libOctreePalette.a; sourceTree = BUILT_PRODUCTS_DIR; };
		D65ED7ED254FD4CE009D0024 /* OctreePalette.swift */ = {isa = PBXFileReference; lastKnownFileType = sourcecode.swift; path = OctreePalette.swift; sourceTree = "<group>"; };
		D65ED7F9254FD52E009D0024 /* PixelExtractor.swift */ = {isa = PBXFileReference; lastKnownFileType = sourcecode.swift; path = PixelExtractor.swift; sourceTree = "<group>"; };
		D65ED7FC254FD566009D0024 /* OctreeNode.swift */ = {isa = PBXFileReference; lastKnownFileType = sourcecode.swift; path = OctreeNode.swift; sourceTree = "<group>"; };
		D6D00D5A255532B000534636 /* ColorTheme.swift */ = {isa = PBXFileReference; lastKnownFileType = sourcecode.swift; path = ColorTheme.swift; sourceTree = "<group>"; };
		D6E378ED256133EB003E739D /* .gitignore */ = {isa = PBXFileReference; lastKnownFileType = text; path = .gitignore; sourceTree = "<group>"; };
		D6E37916256275D1003E739D /* OctreePaletteExample.xcodeproj */ = {isa = PBXFileReference; lastKnownFileType = "wrapper.pb-project"; name = OctreePaletteExample.xcodeproj; path = OctreePaletteExample/OctreePaletteExample.xcodeproj; sourceTree = "<group>"; };
		D6E3793C2563E5C7003E739D /* OctreeColor.swift */ = {isa = PBXFileReference; fileEncoding = 4; lastKnownFileType = sourcecode.swift; path = OctreeColor.swift; sourceTree = "<group>"; };
		D6E3794D2564D08F003E739D /* UIImage+OctreePalette.swift */ = {isa = PBXFileReference; lastKnownFileType = sourcecode.swift; path = "UIImage+OctreePalette.swift"; sourceTree = "<group>"; };
/* End PBXFileReference section */

/* Begin PBXFrameworksBuildPhase section */
		D65ED7E7254FD4CE009D0024 /* Frameworks */ = {
			isa = PBXFrameworksBuildPhase;
			buildActionMask = 2147483647;
			files = (
			);
			runOnlyForDeploymentPostprocessing = 0;
		};
/* End PBXFrameworksBuildPhase section */

/* Begin PBXGroup section */
		D65ED7E1254FD4CE009D0024 = {
			isa = PBXGroup;
			children = (
				D6E378ED256133EB003E739D /* .gitignore */,
				D65ED7EC254FD4CE009D0024 /* OctreePalette */,
				D6E37916256275D1003E739D /* OctreePaletteExample.xcodeproj */,
				D65ED7EB254FD4CE009D0024 /* Products */,
			);
			sourceTree = "<group>";
		};
		D65ED7EB254FD4CE009D0024 /* Products */ = {
			isa = PBXGroup;
			children = (
				D65ED7EA254FD4CE009D0024 /* libOctreePalette.a */,
			);
			name = Products;
			sourceTree = "<group>";
		};
		D65ED7EC254FD4CE009D0024 /* OctreePalette */ = {
			isa = PBXGroup;
			children = (
				D6D00D5E255661C200534636 /* Sources */,
			);
			path = OctreePalette;
			sourceTree = "<group>";
		};
		D6D00D5E255661C200534636 /* Sources */ = {
			isa = PBXGroup;
			children = (
				D6E3793C2563E5C7003E739D /* OctreeColor.swift */,
				D65ED7F9254FD52E009D0024 /* PixelExtractor.swift */,
				D6D00D5A255532B000534636 /* ColorTheme.swift */,
				D65ED7FC254FD566009D0024 /* OctreeNode.swift */,
				D65ED7ED254FD4CE009D0024 /* OctreePalette.swift */,
				D6E3794D2564D08F003E739D /* UIImage+OctreePalette.swift */,
			);
			path = Sources;
			sourceTree = "<group>";
		};
		D6E37917256275D1003E739D /* Products */ = {
			isa = PBXGroup;
			children = (
				D6E3791B256275D1003E739D /* OctreePaletteExample.app */,
			);
			name = Products;
			sourceTree = "<group>";
		};
/* End PBXGroup section */

/* Begin PBXNativeTarget section */
		D65ED7E9254FD4CE009D0024 /* OctreePalette */ = {
			isa = PBXNativeTarget;
			buildConfigurationList = D65ED7F1254FD4CE009D0024 /* Build configuration list for PBXNativeTarget "OctreePalette" */;
			buildPhases = (
				D65ED7E6254FD4CE009D0024 /* Sources */,
				D65ED7E7254FD4CE009D0024 /* Frameworks */,
				D65ED7E8254FD4CE009D0024 /* CopyFiles */,
			);
			buildRules = (
			);
			dependencies = (
			);
			name = OctreePalette;
			productName = OctreePalette;
			productReference = D65ED7EA254FD4CE009D0024 /* libOctreePalette.a */;
			productType = "com.apple.product-type.library.static";
		};
/* End PBXNativeTarget section */

/* Begin PBXProject section */
		D65ED7E2254FD4CE009D0024 /* Project object */ = {
			isa = PBXProject;
			attributes = {
				LastSwiftUpdateCheck = 1210;
				LastUpgradeCheck = 1210;
				TargetAttributes = {
					D65ED7E9254FD4CE009D0024 = {
						CreatedOnToolsVersion = 12.1;
					};
				};
			};
			buildConfigurationList = D65ED7E5254FD4CE009D0024 /* Build configuration list for PBXProject "OctreePalette" */;
			compatibilityVersion = "Xcode 9.3";
			developmentRegion = en;
			hasScannedForEncodings = 0;
			knownRegions = (
				en,
				Base,
			);
			mainGroup = D65ED7E1254FD4CE009D0024;
			productRefGroup = D65ED7EB254FD4CE009D0024 /* Products */;
			projectDirPath = "";
			projectReferences = (
				{
					ProductGroup = D6E37917256275D1003E739D /* Products */;
					ProjectRef = D6E37916256275D1003E739D /* OctreePaletteExample.xcodeproj */;
				},
			);
			projectRoot = "";
			targets = (
				D65ED7E9254FD4CE009D0024 /* OctreePalette */,
			);
		};
/* End PBXProject section */

/* Begin PBXReferenceProxy section */
		D6E3791B256275D1003E739D /* OctreePaletteExample.app */ = {
			isa = PBXReferenceProxy;
			fileType = wrapper.application;
			path = OctreePaletteExample.app;
			remoteRef = D6E3791A256275D1003E739D /* PBXContainerItemProxy */;
			sourceTree = BUILT_PRODUCTS_DIR;
		};
/* End PBXReferenceProxy section */

/* Begin PBXSourcesBuildPhase section */
		D65ED7E6254FD4CE009D0024 /* Sources */ = {
			isa = PBXSourcesBuildPhase;
			buildActionMask = 2147483647;
			files = (
				D6D00D5B255532B000534636 /* ColorTheme.swift in Sources */,
				D65ED7EE254FD4CE009D0024 /* OctreePalette.swift in Sources */,
				D6E3793D2563E5C8003E739D /* OctreeColor.swift in Sources */,
				D65ED7FA254FD52E009D0024 /* PixelExtractor.swift in Sources */,
				D65ED7FD254FD566009D0024 /* OctreeNode.swift in Sources */,
				D6E3794E2564D08F003E739D /* UIImage+OctreePalette.swift in Sources */,
			);
			runOnlyForDeploymentPostprocessing = 0;
		};
/* End PBXSourcesBuildPhase section */

/* Begin XCBuildConfiguration section */
		D65ED7EF254FD4CE009D0024 /* Debug */ = {
			isa = XCBuildConfiguration;
			buildSettings = {
				ALWAYS_SEARCH_USER_PATHS = NO;
				CLANG_ANALYZER_NONNULL = YES;
				CLANG_ANALYZER_NUMBER_OBJECT_CONVERSION = YES_AGGRESSIVE;
				CLANG_CXX_LANGUAGE_STANDARD = "gnu++14";
				CLANG_CXX_LIBRARY = "libc++";
				CLANG_ENABLE_MODULES = YES;
				CLANG_ENABLE_OBJC_ARC = YES;
				CLANG_ENABLE_OBJC_WEAK = YES;
				CLANG_WARN_BLOCK_CAPTURE_AUTORELEASING = YES;
				CLANG_WARN_BOOL_CONVERSION = YES;
				CLANG_WARN_COMMA = YES;
				CLANG_WARN_CONSTANT_CONVERSION = YES;
				CLANG_WARN_DEPRECATED_OBJC_IMPLEMENTATIONS = YES;
				CLANG_WARN_DIRECT_OBJC_ISA_USAGE = YES_ERROR;
				CLANG_WARN_DOCUMENTATION_COMMENTS = YES;
				CLANG_WARN_EMPTY_BODY = YES;
				CLANG_WARN_ENUM_CONVERSION = YES;
				CLANG_WARN_INFINITE_RECURSION = YES;
				CLANG_WARN_INT_CONVERSION = YES;
				CLANG_WARN_NON_LITERAL_NULL_CONVERSION = YES;
				CLANG_WARN_OBJC_IMPLICIT_RETAIN_SELF = YES;
				CLANG_WARN_OBJC_LITERAL_CONVERSION = YES;
				CLANG_WARN_OBJC_ROOT_CLASS = YES_ERROR;
				CLANG_WARN_QUOTED_INCLUDE_IN_FRAMEWORK_HEADER = YES;
				CLANG_WARN_RANGE_LOOP_ANALYSIS = YES;
				CLANG_WARN_STRICT_PROTOTYPES = YES;
				CLANG_WARN_SUSPICIOUS_MOVE = YES;
				CLANG_WARN_UNGUARDED_AVAILABILITY = YES_AGGRESSIVE;
				CLANG_WARN_UNREACHABLE_CODE = YES;
				CLANG_WARN__DUPLICATE_METHOD_MATCH = YES;
				COPY_PHASE_STRIP = NO;
				DEBUG_INFORMATION_FORMAT = dwarf;
				ENABLE_STRICT_OBJC_MSGSEND = YES;
				ENABLE_TESTABILITY = YES;
				GCC_C_LANGUAGE_STANDARD = gnu11;
				GCC_DYNAMIC_NO_PIC = NO;
				GCC_NO_COMMON_BLOCKS = YES;
				GCC_OPTIMIZATION_LEVEL = 0;
				GCC_PREPROCESSOR_DEFINITIONS = (
					"DEBUG=1",
					"$(inherited)",
				);
				GCC_WARN_64_TO_32_BIT_CONVERSION = YES;
				GCC_WARN_ABOUT_RETURN_TYPE = YES_ERROR;
				GCC_WARN_UNDECLARED_SELECTOR = YES;
				GCC_WARN_UNINITIALIZED_AUTOS = YES_AGGRESSIVE;
				GCC_WARN_UNUSED_FUNCTION = YES;
				GCC_WARN_UNUSED_VARIABLE = YES;
				IPHONEOS_DEPLOYMENT_TARGET = 9.0;
				MTL_ENABLE_DEBUG_INFO = INCLUDE_SOURCE;
				MTL_FAST_MATH = YES;
				ONLY_ACTIVE_ARCH = YES;
				SDKROOT = iphoneos;
				SWIFT_ACTIVE_COMPILATION_CONDITIONS = DEBUG;
				SWIFT_OPTIMIZATION_LEVEL = "-Onone";
			};
			name = Debug;
		};
		D65ED7F0254FD4CE009D0024 /* Release */ = {
			isa = XCBuildConfiguration;
			buildSettings = {
				ALWAYS_SEARCH_USER_PATHS = NO;
				CLANG_ANALYZER_NONNULL = YES;
				CLANG_ANALYZER_NUMBER_OBJECT_CONVERSION = YES_AGGRESSIVE;
				CLANG_CXX_LANGUAGE_STANDARD = "gnu++14";
				CLANG_CXX_LIBRARY = "libc++";
				CLANG_ENABLE_MODULES = YES;
				CLANG_ENABLE_OBJC_ARC = YES;
				CLANG_ENABLE_OBJC_WEAK = YES;
				CLANG_WARN_BLOCK_CAPTURE_AUTORELEASING = YES;
				CLANG_WARN_BOOL_CONVERSION = YES;
				CLANG_WARN_COMMA = YES;
				CLANG_WARN_CONSTANT_CONVERSION = YES;
				CLANG_WARN_DEPRECATED_OBJC_IMPLEMENTATIONS = YES;
				CLANG_WARN_DIRECT_OBJC_ISA_USAGE = YES_ERROR;
				CLANG_WARN_DOCUMENTATION_COMMENTS = YES;
				CLANG_WARN_EMPTY_BODY = YES;
				CLANG_WARN_ENUM_CONVERSION = YES;
				CLANG_WARN_INFINITE_RECURSION = YES;
				CLANG_WARN_INT_CONVERSION = YES;
				CLANG_WARN_NON_LITERAL_NULL_CONVERSION = YES;
				CLANG_WARN_OBJC_IMPLICIT_RETAIN_SELF = YES;
				CLANG_WARN_OBJC_LITERAL_CONVERSION = YES;
				CLANG_WARN_OBJC_ROOT_CLASS = YES_ERROR;
				CLANG_WARN_QUOTED_INCLUDE_IN_FRAMEWORK_HEADER = YES;
				CLANG_WARN_RANGE_LOOP_ANALYSIS = YES;
				CLANG_WARN_STRICT_PROTOTYPES = YES;
				CLANG_WARN_SUSPICIOUS_MOVE = YES;
				CLANG_WARN_UNGUARDED_AVAILABILITY = YES_AGGRESSIVE;
				CLANG_WARN_UNREACHABLE_CODE = YES;
				CLANG_WARN__DUPLICATE_METHOD_MATCH = YES;
				COPY_PHASE_STRIP = NO;
				DEBUG_INFORMATION_FORMAT = "dwarf-with-dsym";
				ENABLE_NS_ASSERTIONS = NO;
				ENABLE_STRICT_OBJC_MSGSEND = YES;
				GCC_C_LANGUAGE_STANDARD = gnu11;
				GCC_NO_COMMON_BLOCKS = YES;
				GCC_WARN_64_TO_32_BIT_CONVERSION = YES;
				GCC_WARN_ABOUT_RETURN_TYPE = YES_ERROR;
				GCC_WARN_UNDECLARED_SELECTOR = YES;
				GCC_WARN_UNINITIALIZED_AUTOS = YES_AGGRESSIVE;
				GCC_WARN_UNUSED_FUNCTION = YES;
				GCC_WARN_UNUSED_VARIABLE = YES;
				IPHONEOS_DEPLOYMENT_TARGET = 9.0;
				MTL_ENABLE_DEBUG_INFO = NO;
				MTL_FAST_MATH = YES;
				SDKROOT = iphoneos;
				SWIFT_COMPILATION_MODE = wholemodule;
				SWIFT_OPTIMIZATION_LEVEL = "-O";
				VALIDATE_PRODUCT = YES;
			};
			name = Release;
		};
		D65ED7F2254FD4CE009D0024 /* Debug */ = {
			isa = XCBuildConfiguration;
			buildSettings = {
				CODE_SIGN_STYLE = Automatic;
				DEVELOPMENT_TEAM = 9JVZR3762B;
				OTHER_LDFLAGS = "-ObjC";
				PRODUCT_NAME = "$(TARGET_NAME)";
				SKIP_INSTALL = YES;
				SWIFT_VERSION = 5.0;
				TARGETED_DEVICE_FAMILY = "1,2";
			};
			name = Debug;
		};
		D65ED7F3254FD4CE009D0024 /* Release */ = {
			isa = XCBuildConfiguration;
			buildSettings = {
				CODE_SIGN_STYLE = Automatic;
				DEVELOPMENT_TEAM = 9JVZR3762B;
				OTHER_LDFLAGS = "-ObjC";
				PRODUCT_NAME = "$(TARGET_NAME)";
				SKIP_INSTALL = YES;
				SWIFT_VERSION = 5.0;
				TARGETED_DEVICE_FAMILY = "1,2";
			};
			name = Release;
		};
/* End XCBuildConfiguration section */

/* Begin XCConfigurationList section */
		D65ED7E5254FD4CE009D0024 /* Build configuration list for PBXProject "OctreePalette" */ = {
			isa = XCConfigurationList;
			buildConfigurations = (
				D65ED7EF254FD4CE009D0024 /* Debug */,
				D65ED7F0254FD4CE009D0024 /* Release */,
			);
			defaultConfigurationIsVisible = 0;
			defaultConfigurationName = Release;
		};
		D65ED7F1254FD4CE009D0024 /* Build configuration list for PBXNativeTarget "OctreePalette" */ = {
			isa = XCConfigurationList;
			buildConfigurations = (
				D65ED7F2254FD4CE009D0024 /* Debug */,
				D65ED7F3254FD4CE009D0024 /* Release */,
			);
			defaultConfigurationIsVisible = 0;
			defaultConfigurationName = Release;
		};
/* End XCConfigurationList section */
	};
	rootObject = D65ED7E2254FD4CE009D0024 /* Project object */;
}
