// !$*UTF8*$!
{
	archiveVersion = 1;
	classes = {
	};
	objectVersion = 50;
	objects = {

/* Begin PBXBuildFile section */
		D6E37903256275D0003E739D /* AppDelegate.swift in Sources */ = {isa = PBXBuildFile; fileRef = D6E37902256275D0003E739D /* AppDelegate.swift */; };
		D6E37905256275D0003E739D /* SceneDelegate.swift in Sources */ = {isa = PBXBuildFile; fileRef = D6E37904256275D0003E739D /* SceneDelegate.swift */; };
		D6E37907256275D0003E739D /* ViewController.swift in Sources */ = {isa = PBXBuildFile; fileRef = D6E37906256275D0003E739D /* ViewController.swift */; };
		D6E3790C256275D1003E739D /* Assets.xcassets in Resources */ = {isa = PBXBuildFile; fileRef = D6E3790B256275D1003E739D /* Assets.xcassets */; };
		D6E3790F256275D1003E739D /* LaunchScreen.storyboard in Resources */ = {isa = PBXBuildFile; fileRef = D6E3790D256275D1003E739D /* LaunchScreen.storyboard */; };
		D6E379242562F04F003E739D /* Data.swift in Sources */ = {isa = PBXBuildFile; fileRef = D6E379232562F04F003E739D /* Data.swift */; };
		D6E379282562F1AA003E739D /* Cell.swift in Sources */ = {isa = PBXBuildFile; fileRef = D6E379272562F1AA003E739D /* Cell.swift */; };
		D6E3792D2563B086003E739D /* libOctreePalette.a in Frameworks */ = {isa = PBXBuildFile; fileRef = D6E3792C2563B086003E739D /* libOctreePalette.a */; };
/* End PBXBuildFile section */

/* Begin PBXFileReference section */
		D6E378FF256275D0003E739D /* OctreePaletteExample.app */ = {isa = PBXFileReference; explicitFileType = wrapper.application; includeInIndex = 0; path = OctreePaletteExample.app; sourceTree = BUILT_PRODUCTS_DIR; };
		D6E37902256275D0003E739D /* AppDelegate.swift */ = {isa = PBXFileReference; lastKnownFileType = sourcecode.swift; path = AppDelegate.swift; sourceTree = "<group>"; };
		D6E37904256275D0003E739D /* SceneDelegate.swift */ = {isa = PBXFileReference; lastKnownFileType = sourcecode.swift; path = SceneDelegate.swift; sourceTree = "<group>"; };
		D6E37906256275D0003E739D /* ViewController.swift */ = {isa = PBXFileReference; lastKnownFileType = sourcecode.swift; path = ViewController.swift; sourceTree = "<group>"; };
		D6E3790B256275D1003E739D /* Assets.xcassets */ = {isa = PBXFileReference; lastKnownFileType = folder.assetcatalog; path = Assets.xcassets; sourceTree = "<group>"; };
		D6E3790E256275D1003E739D /* Base */ = {isa = PBXFileReference; lastKnownFileType = file.storyboard; name = Base; path = Base.lproj/LaunchScreen.storyboard; sourceTree = "<group>"; };
		D6E37910256275D1003E739D /* Info.plist */ = {isa = PBXFileReference; lastKnownFileType = text.plist.xml; path = Info.plist; sourceTree = "<group>"; };
		D6E379232562F04F003E739D /* Data.swift */ = {isa = PBXFileReference; lastKnownFileType = sourcecode.swift; path = Data.swift; sourceTree = "<group>"; };
		D6E379272562F1AA003E739D /* Cell.swift */ = {isa = PBXFileReference; lastKnownFileType = sourcecode.swift; path = Cell.swift; sourceTree = "<group>"; };
		D6E3792C2563B086003E739D /* libOctreePalette.a */ = {isa = PBXFileReference; explicitFileType = archive.ar; path = libOctreePalette.a; sourceTree = BUILT_PRODUCTS_DIR; };
/* End PBXFileReference section */

/* Begin PBXFrameworksBuildPhase section */
		D6E378FC256275D0003E739D /* Frameworks */ = {
			isa = PBXFrameworksBuildPhase;
			buildActionMask = 2147483647;
			files = (
				D6E3792D2563B086003E739D /* libOctreePalette.a in Frameworks */,
			);
			runOnlyForDeploymentPostprocessing = 0;
		};
/* End PBXFrameworksBuildPhase section */

/* Begin PBXGroup section */
		D6E378F6256275D0003E739D = {
			isa = PBXGroup;
			children = (
				D6E37901256275D0003E739D /* OctreePaletteExample */,
				D6E37900256275D0003E739D /* Products */,
				D6E3792B2563B086003E739D /* Frameworks */,
			);
			sourceTree = "<group>";
		};
		D6E37900256275D0003E739D /* Products */ = {
			isa = PBXGroup;
			children = (
				D6E378FF256275D0003E739D /* OctreePaletteExample.app */,
			);
			name = Products;
			sourceTree = "<group>";
		};
		D6E37901256275D0003E739D /* OctreePaletteExample */ = {
			isa = PBXGroup;
			children = (
				D6E379232562F04F003E739D /* Data.swift */,
				D6E37902256275D0003E739D /* AppDelegate.swift */,
				D6E37904256275D0003E739D /* SceneDelegate.swift */,
				D6E379272562F1AA003E739D /* Cell.swift */,
				D6E37906256275D0003E739D /* ViewController.swift */,
				D6E3790B256275D1003E739D /* Assets.xcassets */,
				D6E3790D256275D1003E739D /* LaunchScreen.storyboard */,
				D6E37910256275D1003E739D /* Info.plist */,
			);
			path = OctreePaletteExample;
			sourceTree = "<group>";
		};
		D6E3792B2563B086003E739D /* Frameworks */ = {
			isa = PBXGroup;
			children = (
				D6E3792C2563B086003E739D /* libOctreePalette.a */,
			);
			name = Frameworks;
			sourceTree = "<group>";
		};
/* End PBXGroup section */

/* Begin PBXNativeTarget section */
		D6E378FE256275D0003E739D /* OctreePaletteExample */ = {
			isa = PBXNativeTarget;
			buildConfigurationList = D6E37913256275D1003E739D /* Build configuration list for PBXNativeTarget "OctreePaletteExample" */;
			buildPhases = (
				D6E378FB256275D0003E739D /* Sources */,
				D6E378FC256275D0003E739D /* Frameworks */,
				D6E378FD256275D0003E739D /* Resources */,
			);
			buildRules = (
			);
			dependencies = (
			);
			name = OctreePaletteExample;
			productName = OctreePaletteExample;
			productReference = D6E378FF256275D0003E739D /* OctreePaletteExample.app */;
			productType = "com.apple.product-type.application";
		};
/* End PBXNativeTarget section */

/* Begin PBXProject section */
		D6E378F7256275D0003E739D /* Project object */ = {
			isa = PBXProject;
			attributes = {
				LastSwiftUpdateCheck = 1220;
				LastUpgradeCheck = 1220;
				TargetAttributes = {
					D6E378FE256275D0003E739D = {
						CreatedOnToolsVersion = 12.2;
					};
				};
			};
			buildConfigurationList = D6E378FA256275D0003E739D /* Build configuration list for PBXProject "OctreePaletteExample" */;
			compatibilityVersion = "Xcode 9.3";
			developmentRegion = en;
			hasScannedForEncodings = 0;
			knownRegions = (
				en,
				Base,
			);
			mainGroup = D6E378F6256275D0003E739D;
			productRefGroup = D6E37900256275D0003E739D /* Products */;
			projectDirPath = "";
			projectRoot = "";
			targets = (
				D6E378FE256275D0003E739D /* OctreePaletteExample */,
			);
		};
/* End PBXProject section */

/* Begin PBXResourcesBuildPhase section */
		D6E378FD256275D0003E739D /* Resources */ = {
			isa = PBXResourcesBuildPhase;
			buildActionMask = 2147483647;
			files = (
				D6E3790F256275D1003E739D /* LaunchScreen.storyboard in Resources */,
				D6E3790C256275D1003E739D /* Assets.xcassets in Resources */,
			);
			runOnlyForDeploymentPostprocessing = 0;
		};
/* End PBXResourcesBuildPhase section */

/* Begin PBXSourcesBuildPhase section */
		D6E378FB256275D0003E739D /* Sources */ = {
			isa = PBXSourcesBuildPhase;
			buildActionMask = 2147483647;
			files = (
				D6E37907256275D0003E739D /* ViewController.swift in Sources */,
				D6E37903256275D0003E739D /* AppDelegate.swift in Sources */,
				D6E379282562F1AA003E739D /* Cell.swift in Sources */,
				D6E37905256275D0003E739D /* SceneDelegate.swift in Sources */,
				D6E379242562F04F003E739D /* Data.swift in Sources */,
			);
			runOnlyForDeploymentPostprocessing = 0;
		};
/* End PBXSourcesBuildPhase section */

/* Begin PBXVariantGroup section */
		D6E3790D256275D1003E739D /* LaunchScreen.storyboard */ = {
			isa = PBXVariantGroup;
			children = (
				D6E3790E256275D1003E739D /* Base */,
			);
			name = LaunchScreen.storyboard;
			sourceTree = "<group>";
		};
/* End PBXVariantGroup section */

/* Begin XCBuildConfiguration section */
		D6E37911256275D1003E739D /* Debug */ = {
			isa = XCBuildConfiguration;
			buildSettings = {
				ALWAYS_SEARCH_USER_PATHS = NO;
				CLANG_ANALYZER_NONNULL = YES;
				CLANG_ANALYZER_NUMBER_OBJECT_CONVERSION = YES_AGGRESSIVE;
				CLANG_CXX_LANGUAGE_STANDARD = "gnu++14";
				CLANG_CXX_LIBRARY = "libc++";
				CLANG_ENABLE_MODULES = YES;
				CLANG_ENABLE_OBJC_ARC = YES;
				CLANG_ENABLE_OBJC_WEAK = YES;
				CLANG_WARN_BLOCK_CAPTURE_AUTORELEASING = YES;
				CLANG_WARN_BOOL_CONVERSION = YES;
				CLANG_WARN_COMMA = YES;
				CLANG_WARN_CONSTANT_CONVERSION = YES;
				CLANG_WARN_DEPRECATED_OBJC_IMPLEMENTATIONS = YES;
				CLANG_WARN_DIRECT_OBJC_ISA_USAGE = YES_ERROR;
				CLANG_WARN_DOCUMENTATION_COMMENTS = YES;
				CLANG_WARN_EMPTY_BODY = YES;
				CLANG_WARN_ENUM_CONVERSION = YES;
				CLANG_WARN_INFINITE_RECURSION = YES;
				CLANG_WARN_INT_CONVERSION = YES;
				CLANG_WARN_NON_LITERAL_NULL_CONVERSION = YES;
				CLANG_WARN_OBJC_IMPLICIT_RETAIN_SELF = YES;
				CLANG_WARN_OBJC_LITERAL_CONVERSION = YES;
				CLANG_WARN_OBJC_ROOT_CLASS = YES_ERROR;
				CLANG_WARN_QUOTED_INCLUDE_IN_FRAMEWORK_HEADER = YES;
				CLANG_WARN_RANGE_LOOP_ANALYSIS = YES;
				CLANG_WARN_STRICT_PROTOTYPES = YES;
				CLANG_WARN_SUSPICIOUS_MOVE = YES;
				CLANG_WARN_UNGUARDED_AVAILABILITY = YES_AGGRESSIVE;
				CLANG_WARN_UNREACHABLE_CODE = YES;
				CLANG_WARN__DUPLICATE_METHOD_MATCH = YES;
				COPY_PHASE_STRIP = NO;
				DEBUG_INFORMATION_FORMAT = dwarf;
				ENABLE_STRICT_OBJC_MSGSEND = YES;
				ENABLE_TESTABILITY = YES;
				GCC_C_LANGUAGE_STANDARD = gnu11;
				GCC_DYNAMIC_NO_PIC = NO;
				GCC_NO_COMMON_BLOCKS = YES;
				GCC_OPTIMIZATION_LEVEL = 0;
				GCC_PREPROCESSOR_DEFINITIONS = (
					"DEBUG=1",
					"$(inherited)",
				);
				GCC_WARN_64_TO_32_BIT_CONVERSION = YES;
				GCC_WARN_ABOUT_RETURN_TYPE = YES_ERROR;
				GCC_WARN_UNDECLARED_SELECTOR = YES;
				GCC_WARN_UNINITIALIZED_AUTOS = YES_AGGRESSIVE;
				GCC_WARN_UNUSED_FUNCTION = YES;
				GCC_WARN_UNUSED_VARIABLE = YES;
				IPHONEOS_DEPLOYMENT_TARGET = 14.2;
				MTL_ENABLE_DEBUG_INFO = INCLUDE_SOURCE;
				MTL_FAST_MATH = YES;
				ONLY_ACTIVE_ARCH = YES;
				SDKROOT = iphoneos;
				SWIFT_ACTIVE_COMPILATION_CONDITIONS = DEBUG;
				SWIFT_OPTIMIZATION_LEVEL = "-Onone";
			};
			name = Debug;
		};
		D6E37912256275D1003E739D /* Release */ = {
			isa = XCBuildConfiguration;
			buildSettings = {
				ALWAYS_SEARCH_USER_PATHS = NO;
				CLANG_ANALYZER_NONNULL = YES;
				CLANG_ANALYZER_NUMBER_OBJECT_CONVERSION = YES_AGGRESSIVE;
				CLANG_CXX_LANGUAGE_STANDARD = "gnu++14";
				CLANG_CXX_LIBRARY = "libc++";
				CLANG_ENABLE_MODULES = YES;
				CLANG_ENABLE_OBJC_ARC = YES;
				CLANG_ENABLE_OBJC_WEAK = YES;
				CLANG_WARN_BLOCK_CAPTURE_AUTORELEASING = YES;
				CLANG_WARN_BOOL_CONVERSION = YES;
				CLANG_WARN_COMMA = YES;
				CLANG_WARN_CONSTANT_CONVERSION = YES;
				CLANG_WARN_DEPRECATED_OBJC_IMPLEMENTATIONS = YES;
				CLANG_WARN_DIRECT_OBJC_ISA_USAGE = YES_ERROR;
				CLANG_WARN_DOCUMENTATION_COMMENTS = YES;
				CLANG_WARN_EMPTY_BODY = YES;
				CLANG_WARN_ENUM_CONVERSION = YES;
				CLANG_WARN_INFINITE_RECURSION = YES;
				CLANG_WARN_INT_CONVERSION = YES;
				CLANG_WARN_NON_LITERAL_NULL_CONVERSION = YES;
				CLANG_WARN_OBJC_IMPLICIT_RETAIN_SELF = YES;
				CLANG_WARN_OBJC_LITERAL_CONVERSION = YES;
				CLANG_WARN_OBJC_ROOT_CLASS = YES_ERROR;
				CLANG_WARN_QUOTED_INCLUDE_IN_FRAMEWORK_HEADER = YES;
				CLANG_WARN_RANGE_LOOP_ANALYSIS = YES;
				CLANG_WARN_STRICT_PROTOTYPES = YES;
				CLANG_WARN_SUSPICIOUS_MOVE = YES;
				CLANG_WARN_UNGUARDED_AVAILABILITY = YES_AGGRESSIVE;
				CLANG_WARN_UNREACHABLE_CODE = YES;
				CLANG_WARN__DUPLICATE_METHOD_MATCH = YES;
				COPY_PHASE_STRIP = NO;
				DEBUG_INFORMATION_FORMAT = "dwarf-with-dsym";
				ENABLE_NS_ASSERTIONS = NO;
				ENABLE_STRICT_OBJC_MSGSEND = YES;
				GCC_C_LANGUAGE_STANDARD = gnu11;
				GCC_NO_COMMON_BLOCKS = YES;
				GCC_WARN_64_TO_32_BIT_CONVERSION = YES;
				GCC_WARN_ABOUT_RETURN_TYPE = YES_ERROR;
				GCC_WARN_UNDECLARED_SELECTOR = YES;
				GCC_WARN_UNINITIALIZED_AUTOS = YES_AGGRESSIVE;
				GCC_WARN_UNUSED_FUNCTION = YES;
				GCC_WARN_UNUSED_VARIABLE = YES;
				IPHONEOS_DEPLOYMENT_TARGET = 14.2;
				MTL_ENABLE_DEBUG_INFO = NO;
				MTL_FAST_MATH = YES;
				SDKROOT = iphoneos;
				SWIFT_COMPILATION_MODE = wholemodule;
				SWIFT_OPTIMIZATION_LEVEL = "-O";
				VALIDATE_PRODUCT = YES;
			};
			name = Release;
		};
		D6E37914256275D1003E739D /* Debug */ = {
			isa = XCBuildConfiguration;
			buildSettings = {
				ASSETCATALOG_COMPILER_APPICON_NAME = AppIcon;
				ASSETCATALOG_COMPILER_GLOBAL_ACCENT_COLOR_NAME = AccentColor;
				CODE_SIGN_STYLE = Automatic;
				DEVELOPMENT_TEAM = 9JVZR3762B;
				INFOPLIST_FILE = OctreePaletteExample/Info.plist;
				LD_RUNPATH_SEARCH_PATHS = (
					"$(inherited)",
					"@executable_path/Frameworks",
				);
				PRODUCT_BUNDLE_IDENTIFIER = dev.ragofjoes.OctreePaletteExample;
				PRODUCT_NAME = "$(TARGET_NAME)";
				SWIFT_VERSION = 5.0;
				TARGETED_DEVICE_FAMILY = "1,2";
			};
			name = Debug;
		};
		D6E37915256275D1003E739D /* Release */ = {
			isa = XCBuildConfiguration;
			buildSettings = {
				ASSETCATALOG_COMPILER_APPICON_NAME = AppIcon;
				ASSETCATALOG_COMPILER_GLOBAL_ACCENT_COLOR_NAME = AccentColor;
				CODE_SIGN_STYLE = Automatic;
				DEVELOPMENT_TEAM = 9JVZR3762B;
				INFOPLIST_FILE = OctreePaletteExample/Info.plist;
				LD_RUNPATH_SEARCH_PATHS = (
					"$(inherited)",
					"@executable_path/Frameworks",
				);
				PRODUCT_BUNDLE_IDENTIFIER = dev.ragofjoes.OctreePaletteExample;
				PRODUCT_NAME = "$(TARGET_NAME)";
				SWIFT_VERSION = 5.0;
				TARGETED_DEVICE_FAMILY = "1,2";
			};
			name = Release;
		};
/* End XCBuildConfiguration section */

/* Begin XCConfigurationList section */
		D6E378FA256275D0003E739D /* Build configuration list for PBXProject "OctreePaletteExample" */ = {
			isa = XCConfigurationList;
			buildConfigurations = (
				D6E37911256275D1003E739D /* Debug */,
				D6E37912256275D1003E739D /* Release */,
			);
			defaultConfigurationIsVisible = 0;
			defaultConfigurationName = Release;
		};
		D6E37913256275D1003E739D /* Build configuration list for PBXNativeTarget "OctreePaletteExample" */ = {
			isa = XCConfigurationList;
			buildConfigurations = (
				D6E37914256275D1003E739D /* Debug */,
				D6E37915256275D1003E739D /* Release */,
			);
			defaultConfigurationIsVisible = 0;
			defaultConfigurationName = Release;
		};
/* End XCConfigurationList section */
	};
	rootObject = D6E378F7256275D0003E739D /* Project object */;
}
